{
  "meteor": {},
  "dependencies": {
    "basePackages": {
      "autocomplete-nomatch": {
        "path": "."
      }
    },
    "packages": {
      "autocomplete-nomatch": {
        "path": "."
      },
      "caret-position": {
        "git": "https://github.com/StockBase/meteor-caret-position.git",
        "tag": "v2.1.0-3",
        "commit": "6028cf980f62cbf72cb2ea527091a3a31f87b8a7"
      }
    }
  }
}
